
Microsoft Visual Studio Solution File, Format Version 12.00
# Visual Studio Version 17
VisualStudioVersion = 17.11.35222.181
MinimumVisualStudioVersion = 10.0.40219.1
Project("{FAE04EC0-301F-11D3-BF4B-00C04F79EFBC}") = "пр1 ИСРПО Головиной", "пр1 ИСРПО Головиной\пр1 ИСРПО Головиной.csproj", "{DED201CB-1488-4C6D-BC29-C503CE75CD23}"
EndProject
Global
	GlobalSection(SolutionConfigurationPlatforms) = preSolution
		Debug|Any CPU = Debug|Any CPU
		Release|Any CPU = Release|Any CPU
	EndGlobalSection
	GlobalSection(ProjectConfigurationPlatforms) = postSolution
		{DED201CB-1488-4C6D-BC29-C503CE75CD23}.Debug|Any CPU.ActiveCfg = Debug|Any CPU
		{DED201CB-1488-4C6D-BC29-C503CE75CD23}.Debug|Any CPU.Build.0 = Debug|Any CPU
		{DED201CB-1488-4C6D-BC29-C503CE75CD23}.Release|Any CPU.ActiveCfg = Release|Any CPU
		{DED201CB-1488-4C6D-BC29-C503CE75CD23}.Release|Any CPU.Build.0 = Release|Any CPU
	EndGlobalSection
	GlobalSection(SolutionProperties) = preSolution
		HideSolutionNode = FALSE
	EndGlobalSection
	GlobalSection(ExtensibilityGlobals) = postSolution
		SolutionGuid = {C5EE802C-67D5-43DC-9A00-548DE1B6B183}
	EndGlobalSection
EndGlobal
